# THIS IS AN AUTOGENERATED FILE. DO NOT EDIT THIS FILE DIRECTLY.
# yarn lockfile v1


asap@~2.0.3:
  version "2.0.6"
  resolved "https://registry.npmmirror.com/asap/-/asap-2.0.6.tgz#e50347611d7e690943208bbdafebcbc2fb866d46"
  integrity sha512-BSHWgDSAiKs50o2Re8ppvp3seVHXSRM44cdSsT9FfNEUUZLOGWVCsiWaRPWM1Znn+mqZ1OfVZ3z3DWEzSp7hRA==

"promise@>=3.2 <8":
  version "7.3.1"
  resolved "https://registry.npmmirror.com/promise/-/promise-7.3.1.tgz#064b72602b18f90f29192b8b1bc418ffd1ebd3bf"
  integrity sha512-nolQXZ/4L+bP/UGlkfaIujX9BKxGwmQ9OT4mOt5yvy8iK1h3wqTEJCijzGANTCCl9nWjY41juyAn2K3Q1hLLTg==
  dependencies:
    asap "~2.0.3"

then-fs@^2.0.0:
  version "2.0.0"
  resolved "https://registry.npmmirror.com/then-fs/-/then-fs-2.0.0.tgz#72f792dd9d31705a91ae19ebfcf8b3f968c81da2"
  integrity sha512-5ffcBcU+vFUCYDNi/o507IqjqrTkuGsLVZ1Fp50hwgZRY7ufVFa9jFfTy5uZ2QnSKacKigWKeaXkOqLa4DsjLw==
  dependencies:
    promise ">=3.2 <8"
